
Microsoft Visual Studio Solution File, Format Version 12.00
# Visual Studio Version 17
VisualStudioVersion = 17.8.34511.84
MinimumVisualStudioVersion = 10.0.40219.1
Project("{9A19103F-16F7-4668-BE54-9A1E7A4F7556}") = "Observer Pattern", "Observer Pattern\Observer Pattern.csproj", "{0637D9C8-B89E-4E5A-B63B-1C234FBED237}"
EndProject
Project("{9A19103F-16F7-4668-BE54-9A1E7A4F7556}") = "Strategy Pattern", "Strategy Pattern\Strategy Pattern.csproj", "{A50DBF48-39C6-4A6F-B883-B4250309837F}"
EndProject
Project("{9A19103F-16F7-4668-BE54-9A1E7A4F7556}") = "Template Method Pattern", "Template Method Pattern\Template Method Pattern.csproj", "{2FC68E6C-6C13-4A67-8528-9DD49FB5251A}"
EndProject
Project("{9A19103F-16F7-4668-BE54-9A1E7A4F7556}") = "Command Pattern", "Command Pattern\Command Pattern.csproj", "{3FA11B78-33FC-4C8B-948E-0A42B764DB9F}"
EndProject
Project("{9A19103F-16F7-4668-BE54-9A1E7A4F7556}") = "State Pattern", "State Pattern\State Pattern.csproj", "{A66ED0BD-CFBC-447B-BF1F-0E91D7D313F1}"
EndProject
Project("{9A19103F-16F7-4668-BE54-9A1E7A4F7556}") = "Visitor Pattern", "Visitor Pattern\Visitor Pattern.csproj", "{9F56D5B5-FDA6-49C9-9723-93DAB4E86D33}"
EndProject
Project("{FAE04EC0-301F-11D3-BF4B-00C04F79EFBC}") = "Memento Pattern", "Memento Pattern\Memento Pattern.csproj", "{9923D653-E13B-4F0E-9C6F-8A9A787D0122}"
EndProject
Global
	GlobalSection(SolutionConfigurationPlatforms) = preSolution
		Debug|Any CPU = Debug|Any CPU
		Release|Any CPU = Release|Any CPU
	EndGlobalSection
	GlobalSection(ProjectConfigurationPlatforms) = postSolution
		{0637D9C8-B89E-4E5A-B63B-1C234FBED237}.Debug|Any CPU.ActiveCfg = Debug|Any CPU
		{0637D9C8-B89E-4E5A-B63B-1C234FBED237}.Debug|Any CPU.Build.0 = Debug|Any CPU
		{0637D9C8-B89E-4E5A-B63B-1C234FBED237}.Release|Any CPU.ActiveCfg = Release|Any CPU
		{0637D9C8-B89E-4E5A-B63B-1C234FBED237}.Release|Any CPU.Build.0 = Release|Any CPU
		{A50DBF48-39C6-4A6F-B883-B4250309837F}.Debug|Any CPU.ActiveCfg = Debug|Any CPU
		{A50DBF48-39C6-4A6F-B883-B4250309837F}.Debug|Any CPU.Build.0 = Debug|Any CPU
		{A50DBF48-39C6-4A6F-B883-B4250309837F}.Release|Any CPU.ActiveCfg = Release|Any CPU
		{A50DBF48-39C6-4A6F-B883-B4250309837F}.Release|Any CPU.Build.0 = Release|Any CPU
		{2FC68E6C-6C13-4A67-8528-9DD49FB5251A}.Debug|Any CPU.ActiveCfg = Debug|Any CPU
		{2FC68E6C-6C13-4A67-8528-9DD49FB5251A}.Debug|Any CPU.Build.0 = Debug|Any CPU
		{2FC68E6C-6C13-4A67-8528-9DD49FB5251A}.Release|Any CPU.ActiveCfg = Release|Any CPU
		{2FC68E6C-6C13-4A67-8528-9DD49FB5251A}.Release|Any CPU.Build.0 = Release|Any CPU
		{3FA11B78-33FC-4C8B-948E-0A42B764DB9F}.Debug|Any CPU.ActiveCfg = Debug|Any CPU
		{3FA11B78-33FC-4C8B-948E-0A42B764DB9F}.Debug|Any CPU.Build.0 = Debug|Any CPU
		{3FA11B78-33FC-4C8B-948E-0A42B764DB9F}.Release|Any CPU.ActiveCfg = Release|Any CPU
		{3FA11B78-33FC-4C8B-948E-0A42B764DB9F}.Release|Any CPU.Build.0 = Release|Any CPU
		{A66ED0BD-CFBC-447B-BF1F-0E91D7D313F1}.Debug|Any CPU.ActiveCfg = Debug|Any CPU
		{A66ED0BD-CFBC-447B-BF1F-0E91D7D313F1}.Debug|Any CPU.Build.0 = Debug|Any CPU
		{A66ED0BD-CFBC-447B-BF1F-0E91D7D313F1}.Release|Any CPU.ActiveCfg = Release|Any CPU
		{A66ED0BD-CFBC-447B-BF1F-0E91D7D313F1}.Release|Any CPU.Build.0 = Release|Any CPU
		{9F56D5B5-FDA6-49C9-9723-93DAB4E86D33}.Debug|Any CPU.ActiveCfg = Debug|Any CPU
		{9F56D5B5-FDA6-49C9-9723-93DAB4E86D33}.Debug|Any CPU.Build.0 = Debug|Any CPU
		{9F56D5B5-FDA6-49C9-9723-93DAB4E86D33}.Release|Any CPU.ActiveCfg = Release|Any CPU
		{9F56D5B5-FDA6-49C9-9723-93DAB4E86D33}.Release|Any CPU.Build.0 = Release|Any CPU
		{9923D653-E13B-4F0E-9C6F-8A9A787D0122}.Debug|Any CPU.ActiveCfg = Debug|Any CPU
		{9923D653-E13B-4F0E-9C6F-8A9A787D0122}.Debug|Any CPU.Build.0 = Debug|Any CPU
		{9923D653-E13B-4F0E-9C6F-8A9A787D0122}.Release|Any CPU.ActiveCfg = Release|Any CPU
		{9923D653-E13B-4F0E-9C6F-8A9A787D0122}.Release|Any CPU.Build.0 = Release|Any CPU
	EndGlobalSection
	GlobalSection(SolutionProperties) = preSolution
		HideSolutionNode = FALSE
	EndGlobalSection
	GlobalSection(ExtensibilityGlobals) = postSolution
		SolutionGuid = {E837FF60-DE0A-4FD1-9B3F-A98B118BE226}
	EndGlobalSection
EndGlobal
